
Microsoft Visual Studio Solution File, Format Version 12.00
# Visual Studio Version 17
VisualStudioVersion = 17.5.002.0
MinimumVisualStudioVersion = 10.0.40219.1
Project("{2150E333-8FDC-42A3-9474-1A3956D46DE8}") = "Advent2015", "Advent2015", "{6C2914EB-7517-40EF-B4E5-443EBA7F107F}"
EndProject
Project("{2150E333-8FDC-42A3-9474-1A3956D46DE8}") = "Day1", "Day1", "{42333066-D272-40BE-ACC4-8E950373A082}"
EndProject
Project("{9A19103F-16F7-4668-BE54-9A1E7A4F7556}") = "Part1", "Advent2015\Day1\Part1\Part1.csproj", "{7D0DA237-CBF6-44D5-B6BE-3142035524BC}"
EndProject
Project("{9A19103F-16F7-4668-BE54-9A1E7A4F7556}") = "Part2", "Advent2015\Day1\Part2\Part2.csproj", "{AAE0A8C8-E320-4216-9C6F-A51BD850EB67}"
EndProject
Project("{2150E333-8FDC-42A3-9474-1A3956D46DE8}") = "Day10", "Day10", "{FC64B9FE-A755-4CF9-904E-6FB3093C5C05}"
EndProject
Project("{9A19103F-16F7-4668-BE54-9A1E7A4F7556}") = "Part1", "Advent2015\Day10\Part1\Part1.csproj", "{92C25D3F-2161-4831-8AAC-A61E27D20DD1}"
EndProject
Project("{9A19103F-16F7-4668-BE54-9A1E7A4F7556}") = "Part2", "Advent2015\Day10\Part2\Part2.csproj", "{563ED692-D308-4F2E-BC65-061876A8D41B}"
EndProject
Project("{2150E333-8FDC-42A3-9474-1A3956D46DE8}") = "Day11", "Day11", "{20EA2CB9-8C3C-427C-9E65-6A89E8C1B8CA}"
EndProject
Project("{9A19103F-16F7-4668-BE54-9A1E7A4F7556}") = "Part1", "Advent2015\Day11\Part1\Part1.csproj", "{98E9BC4A-6F15-48A3-AB6D-8D267083ACA1}"
EndProject
Project("{9A19103F-16F7-4668-BE54-9A1E7A4F7556}") = "Part2", "Advent2015\Day11\Part2\Part2.csproj", "{C9891DEE-3678-4F2C-B877-A34FDDB414B7}"
EndProject
Project("{2150E333-8FDC-42A3-9474-1A3956D46DE8}") = "Day12", "Day12", "{2EAF3680-1139-4AD7-9536-78A212283CB0}"
EndProject
Project("{9A19103F-16F7-4668-BE54-9A1E7A4F7556}") = "Part1", "Advent2015\Day12\Part1\Part1.csproj", "{0195636B-D5E9-4846-B147-850BD537FA57}"
EndProject
Project("{2150E333-8FDC-42A3-9474-1A3956D46DE8}") = "Day14", "Day14", "{6E28B2AA-5EFD-4247-AD3A-137AE73DB659}"
EndProject
Project("{9A19103F-16F7-4668-BE54-9A1E7A4F7556}") = "Part1", "Advent2015\Day14\Part1\Part1.csproj", "{4DCAD0D1-E315-452E-9AD1-FBCF2484CE86}"
EndProject
Project("{9A19103F-16F7-4668-BE54-9A1E7A4F7556}") = "Part2", "Advent2015\Day14\Part2\Part2.csproj", "{B920D9F5-84C4-4F86-8D0C-801C5B51C800}"
EndProject
Project("{2150E333-8FDC-42A3-9474-1A3956D46DE8}") = "Day2", "Day2", "{C4A10B5A-BCD0-4F6B-9857-01773A8CB9BC}"
EndProject
Project("{9A19103F-16F7-4668-BE54-9A1E7A4F7556}") = "Part1", "Advent2015\Day2\Part1\Part1.csproj", "{0285FBFD-E0AA-4F9B-80CE-A4CD19B49D95}"
EndProject
Project("{9A19103F-16F7-4668-BE54-9A1E7A4F7556}") = "Part2", "Advent2015\Day2\Part2\Part2.csproj", "{C3A42A50-50AC-4B73-B172-DA0C85AB059B}"
EndProject
Project("{2150E333-8FDC-42A3-9474-1A3956D46DE8}") = "Day25", "Day25", "{B2C3602B-684D-4BDF-9F51-5BA19B51DD6F}"
EndProject
Project("{9A19103F-16F7-4668-BE54-9A1E7A4F7556}") = "Part1", "Advent2015\Day25\Part1\Part1.csproj", "{CC6D86BE-1850-4CC1-AA05-15B57E48A539}"
EndProject
Project("{2150E333-8FDC-42A3-9474-1A3956D46DE8}") = "Day3", "Day3", "{7C817C6B-C118-4D58-95A4-8A055F33BCF9}"
EndProject
Project("{9A19103F-16F7-4668-BE54-9A1E7A4F7556}") = "Part1", "Advent2015\Day3\Part1\Part1.csproj", "{EFA06F7B-0C14-4DCD-9558-E78D9573EE8F}"
EndProject
Project("{9A19103F-16F7-4668-BE54-9A1E7A4F7556}") = "Part2", "Advent2015\Day3\Part2\Part2.csproj", "{D3DFBC19-8BC6-4B89-89FA-C80136462453}"
EndProject
Project("{2150E333-8FDC-42A3-9474-1A3956D46DE8}") = "Day4", "Day4", "{FFDDE286-D8CA-4386-AE2C-4C2224E66928}"
EndProject
Project("{9A19103F-16F7-4668-BE54-9A1E7A4F7556}") = "Part1", "Advent2015\Day4\Part1\Part1.csproj", "{334504CA-F754-4699-A2CB-7DD1C76635CA}"
EndProject
Project("{9A19103F-16F7-4668-BE54-9A1E7A4F7556}") = "Part2", "Advent2015\Day4\Part2\Part2.csproj", "{E00C9E63-9327-456E-84EB-747A509820DD}"
EndProject
Project("{2150E333-8FDC-42A3-9474-1A3956D46DE8}") = "Day5", "Day5", "{CDF89169-B0D9-414D-8579-B61AE14A99D5}"
EndProject
Project("{9A19103F-16F7-4668-BE54-9A1E7A4F7556}") = "Part1", "Advent2015\Day5\Part1\Part1.csproj", "{A44301A0-0870-4301-9D81-E7E930C5E216}"
EndProject
Project("{9A19103F-16F7-4668-BE54-9A1E7A4F7556}") = "Part2", "Advent2015\Day5\Part2\Part2.csproj", "{D76B88C7-F3C8-4315-9B5E-87D501444B4D}"
EndProject
Project("{2150E333-8FDC-42A3-9474-1A3956D46DE8}") = "Day6", "Day6", "{F14AA31A-7373-439D-B906-E27621961F76}"
EndProject
Project("{9A19103F-16F7-4668-BE54-9A1E7A4F7556}") = "Part1", "Advent2015\Day6\Part1\Part1.csproj", "{105081AE-D038-4B42-8238-F8C046C6CEAD}"
EndProject
Project("{9A19103F-16F7-4668-BE54-9A1E7A4F7556}") = "Part2", "Advent2015\Day6\Part2\Part2.csproj", "{41F69C3F-30F0-497F-8D5B-61D9A716F358}"
EndProject
Project("{2150E333-8FDC-42A3-9474-1A3956D46DE8}") = "Day8", "Day8", "{D3F058CB-8DDC-435D-A44C-0F17FD4581C3}"
EndProject
Project("{9A19103F-16F7-4668-BE54-9A1E7A4F7556}") = "Part1", "Advent2015\Day8\Part1\Part1.csproj", "{E3AAF90B-68C7-4AF5-BE1D-AEA07E3CB4F7}"
EndProject
Project("{9A19103F-16F7-4668-BE54-9A1E7A4F7556}") = "Part2", "Advent2015\Day8\Part2\Part2.csproj", "{17400B66-F053-4414-8FE1-B622C47EFF8E}"
EndProject
Global
	GlobalSection(SolutionConfigurationPlatforms) = preSolution
		Debug|Any CPU = Debug|Any CPU
		Release|Any CPU = Release|Any CPU
	EndGlobalSection
	GlobalSection(ProjectConfigurationPlatforms) = postSolution
		{7D0DA237-CBF6-44D5-B6BE-3142035524BC}.Debug|Any CPU.ActiveCfg = Debug|Any CPU
		{7D0DA237-CBF6-44D5-B6BE-3142035524BC}.Debug|Any CPU.Build.0 = Debug|Any CPU
		{7D0DA237-CBF6-44D5-B6BE-3142035524BC}.Release|Any CPU.ActiveCfg = Release|Any CPU
		{7D0DA237-CBF6-44D5-B6BE-3142035524BC}.Release|Any CPU.Build.0 = Release|Any CPU
		{AAE0A8C8-E320-4216-9C6F-A51BD850EB67}.Debug|Any CPU.ActiveCfg = Debug|Any CPU
		{AAE0A8C8-E320-4216-9C6F-A51BD850EB67}.Debug|Any CPU.Build.0 = Debug|Any CPU
		{AAE0A8C8-E320-4216-9C6F-A51BD850EB67}.Release|Any CPU.ActiveCfg = Release|Any CPU
		{AAE0A8C8-E320-4216-9C6F-A51BD850EB67}.Release|Any CPU.Build.0 = Release|Any CPU
		{92C25D3F-2161-4831-8AAC-A61E27D20DD1}.Debug|Any CPU.ActiveCfg = Debug|Any CPU
		{92C25D3F-2161-4831-8AAC-A61E27D20DD1}.Debug|Any CPU.Build.0 = Debug|Any CPU
		{92C25D3F-2161-4831-8AAC-A61E27D20DD1}.Release|Any CPU.ActiveCfg = Release|Any CPU
		{92C25D3F-2161-4831-8AAC-A61E27D20DD1}.Release|Any CPU.Build.0 = Release|Any CPU
		{563ED692-D308-4F2E-BC65-061876A8D41B}.Debug|Any CPU.ActiveCfg = Debug|Any CPU
		{563ED692-D308-4F2E-BC65-061876A8D41B}.Debug|Any CPU.Build.0 = Debug|Any CPU
		{563ED692-D308-4F2E-BC65-061876A8D41B}.Release|Any CPU.ActiveCfg = Release|Any CPU
		{563ED692-D308-4F2E-BC65-061876A8D41B}.Release|Any CPU.Build.0 = Release|Any CPU
		{98E9BC4A-6F15-48A3-AB6D-8D267083ACA1}.Debug|Any CPU.ActiveCfg = Debug|Any CPU
		{98E9BC4A-6F15-48A3-AB6D-8D267083ACA1}.Debug|Any CPU.Build.0 = Debug|Any CPU
		{98E9BC4A-6F15-48A3-AB6D-8D267083ACA1}.Release|Any CPU.ActiveCfg = Release|Any CPU
		{98E9BC4A-6F15-48A3-AB6D-8D267083ACA1}.Release|Any CPU.Build.0 = Release|Any CPU
		{C9891DEE-3678-4F2C-B877-A34FDDB414B7}.Debug|Any CPU.ActiveCfg = Debug|Any CPU
		{C9891DEE-3678-4F2C-B877-A34FDDB414B7}.Debug|Any CPU.Build.0 = Debug|Any CPU
		{C9891DEE-3678-4F2C-B877-A34FDDB414B7}.Release|Any CPU.ActiveCfg = Release|Any CPU
		{C9891DEE-3678-4F2C-B877-A34FDDB414B7}.Release|Any CPU.Build.0 = Release|Any CPU
		{0195636B-D5E9-4846-B147-850BD537FA57}.Debug|Any CPU.ActiveCfg = Debug|Any CPU
		{0195636B-D5E9-4846-B147-850BD537FA57}.Debug|Any CPU.Build.0 = Debug|Any CPU
		{0195636B-D5E9-4846-B147-850BD537FA57}.Release|Any CPU.ActiveCfg = Release|Any CPU
		{0195636B-D5E9-4846-B147-850BD537FA57}.Release|Any CPU.Build.0 = Release|Any CPU
		{4DCAD0D1-E315-452E-9AD1-FBCF2484CE86}.Debug|Any CPU.ActiveCfg = Debug|Any CPU
		{4DCAD0D1-E315-452E-9AD1-FBCF2484CE86}.Debug|Any CPU.Build.0 = Debug|Any CPU
		{4DCAD0D1-E315-452E-9AD1-FBCF2484CE86}.Release|Any CPU.ActiveCfg = Release|Any CPU
		{4DCAD0D1-E315-452E-9AD1-FBCF2484CE86}.Release|Any CPU.Build.0 = Release|Any CPU
		{B920D9F5-84C4-4F86-8D0C-801C5B51C800}.Debug|Any CPU.ActiveCfg = Debug|Any CPU
		{B920D9F5-84C4-4F86-8D0C-801C5B51C800}.Debug|Any CPU.Build.0 = Debug|Any CPU
		{B920D9F5-84C4-4F86-8D0C-801C5B51C800}.Release|Any CPU.ActiveCfg = Release|Any CPU
		{B920D9F5-84C4-4F86-8D0C-801C5B51C800}.Release|Any CPU.Build.0 = Release|Any CPU
		{0285FBFD-E0AA-4F9B-80CE-A4CD19B49D95}.Debug|Any CPU.ActiveCfg = Debug|Any CPU
		{0285FBFD-E0AA-4F9B-80CE-A4CD19B49D95}.Debug|Any CPU.Build.0 = Debug|Any CPU
		{0285FBFD-E0AA-4F9B-80CE-A4CD19B49D95}.Release|Any CPU.ActiveCfg = Release|Any CPU
		{0285FBFD-E0AA-4F9B-80CE-A4CD19B49D95}.Release|Any CPU.Build.0 = Release|Any CPU
		{C3A42A50-50AC-4B73-B172-DA0C85AB059B}.Debug|Any CPU.ActiveCfg = Debug|Any CPU
		{C3A42A50-50AC-4B73-B172-DA0C85AB059B}.Debug|Any CPU.Build.0 = Debug|Any CPU
		{C3A42A50-50AC-4B73-B172-DA0C85AB059B}.Release|Any CPU.ActiveCfg = Release|Any CPU
		{C3A42A50-50AC-4B73-B172-DA0C85AB059B}.Release|Any CPU.Build.0 = Release|Any CPU
		{CC6D86BE-1850-4CC1-AA05-15B57E48A539}.Debug|Any CPU.ActiveCfg = Debug|Any CPU
		{CC6D86BE-1850-4CC1-AA05-15B57E48A539}.Debug|Any CPU.Build.0 = Debug|Any CPU
		{CC6D86BE-1850-4CC1-AA05-15B57E48A539}.Release|Any CPU.ActiveCfg = Release|Any CPU
		{CC6D86BE-1850-4CC1-AA05-15B57E48A539}.Release|Any CPU.Build.0 = Release|Any CPU
		{EFA06F7B-0C14-4DCD-9558-E78D9573EE8F}.Debug|Any CPU.ActiveCfg = Debug|Any CPU
		{EFA06F7B-0C14-4DCD-9558-E78D9573EE8F}.Debug|Any CPU.Build.0 = Debug|Any CPU
		{EFA06F7B-0C14-4DCD-9558-E78D9573EE8F}.Release|Any CPU.ActiveCfg = Release|Any CPU
		{EFA06F7B-0C14-4DCD-9558-E78D9573EE8F}.Release|Any CPU.Build.0 = Release|Any CPU
		{D3DFBC19-8BC6-4B89-89FA-C80136462453}.Debug|Any CPU.ActiveCfg = Debug|Any CPU
		{D3DFBC19-8BC6-4B89-89FA-C80136462453}.Debug|Any CPU.Build.0 = Debug|Any CPU
		{D3DFBC19-8BC6-4B89-89FA-C80136462453}.Release|Any CPU.ActiveCfg = Release|Any CPU
		{D3DFBC19-8BC6-4B89-89FA-C80136462453}.Release|Any CPU.Build.0 = Release|Any CPU
		{334504CA-F754-4699-A2CB-7DD1C76635CA}.Debug|Any CPU.ActiveCfg = Debug|Any CPU
		{334504CA-F754-4699-A2CB-7DD1C76635CA}.Debug|Any CPU.Build.0 = Debug|Any CPU
		{334504CA-F754-4699-A2CB-7DD1C76635CA}.Release|Any CPU.ActiveCfg = Release|Any CPU
		{334504CA-F754-4699-A2CB-7DD1C76635CA}.Release|Any CPU.Build.0 = Release|Any CPU
		{E00C9E63-9327-456E-84EB-747A509820DD}.Debug|Any CPU.ActiveCfg = Debug|Any CPU
		{E00C9E63-9327-456E-84EB-747A509820DD}.Debug|Any CPU.Build.0 = Debug|Any CPU
		{E00C9E63-9327-456E-84EB-747A509820DD}.Release|Any CPU.ActiveCfg = Release|Any CPU
		{E00C9E63-9327-456E-84EB-747A509820DD}.Release|Any CPU.Build.0 = Release|Any CPU
		{A44301A0-0870-4301-9D81-E7E930C5E216}.Debug|Any CPU.ActiveCfg = Debug|Any CPU
		{A44301A0-0870-4301-9D81-E7E930C5E216}.Debug|Any CPU.Build.0 = Debug|Any CPU
		{A44301A0-0870-4301-9D81-E7E930C5E216}.Release|Any CPU.ActiveCfg = Release|Any CPU
		{A44301A0-0870-4301-9D81-E7E930C5E216}.Release|Any CPU.Build.0 = Release|Any CPU
		{D76B88C7-F3C8-4315-9B5E-87D501444B4D}.Debug|Any CPU.ActiveCfg = Debug|Any CPU
		{D76B88C7-F3C8-4315-9B5E-87D501444B4D}.Debug|Any CPU.Build.0 = Debug|Any CPU
		{D76B88C7-F3C8-4315-9B5E-87D501444B4D}.Release|Any CPU.ActiveCfg = Release|Any CPU
		{D76B88C7-F3C8-4315-9B5E-87D501444B4D}.Release|Any CPU.Build.0 = Release|Any CPU
		{105081AE-D038-4B42-8238-F8C046C6CEAD}.Debug|Any CPU.ActiveCfg = Debug|Any CPU
		{105081AE-D038-4B42-8238-F8C046C6CEAD}.Debug|Any CPU.Build.0 = Debug|Any CPU
		{105081AE-D038-4B42-8238-F8C046C6CEAD}.Release|Any CPU.ActiveCfg = Release|Any CPU
		{105081AE-D038-4B42-8238-F8C046C6CEAD}.Release|Any CPU.Build.0 = Release|Any CPU
		{41F69C3F-30F0-497F-8D5B-61D9A716F358}.Debug|Any CPU.ActiveCfg = Debug|Any CPU
		{41F69C3F-30F0-497F-8D5B-61D9A716F358}.Debug|Any CPU.Build.0 = Debug|Any CPU
		{41F69C3F-30F0-497F-8D5B-61D9A716F358}.Release|Any CPU.ActiveCfg = Release|Any CPU
		{41F69C3F-30F0-497F-8D5B-61D9A716F358}.Release|Any CPU.Build.0 = Release|Any CPU
		{E3AAF90B-68C7-4AF5-BE1D-AEA07E3CB4F7}.Debug|Any CPU.ActiveCfg = Debug|Any CPU
		{E3AAF90B-68C7-4AF5-BE1D-AEA07E3CB4F7}.Debug|Any CPU.Build.0 = Debug|Any CPU
		{E3AAF90B-68C7-4AF5-BE1D-AEA07E3CB4F7}.Release|Any CPU.ActiveCfg = Release|Any CPU
		{E3AAF90B-68C7-4AF5-BE1D-AEA07E3CB4F7}.Release|Any CPU.Build.0 = Release|Any CPU
		{17400B66-F053-4414-8FE1-B622C47EFF8E}.Debug|Any CPU.ActiveCfg = Debug|Any CPU
		{17400B66-F053-4414-8FE1-B622C47EFF8E}.Debug|Any CPU.Build.0 = Debug|Any CPU
		{17400B66-F053-4414-8FE1-B622C47EFF8E}.Release|Any CPU.ActiveCfg = Release|Any CPU
		{17400B66-F053-4414-8FE1-B622C47EFF8E}.Release|Any CPU.Build.0 = Release|Any CPU
	EndGlobalSection
	GlobalSection(SolutionProperties) = preSolution
		HideSolutionNode = FALSE
	EndGlobalSection
	GlobalSection(NestedProjects) = preSolution
		{42333066-D272-40BE-ACC4-8E950373A082} = {6C2914EB-7517-40EF-B4E5-443EBA7F107F}
		{7D0DA237-CBF6-44D5-B6BE-3142035524BC} = {42333066-D272-40BE-ACC4-8E950373A082}
		{AAE0A8C8-E320-4216-9C6F-A51BD850EB67} = {42333066-D272-40BE-ACC4-8E950373A082}
		{FC64B9FE-A755-4CF9-904E-6FB3093C5C05} = {6C2914EB-7517-40EF-B4E5-443EBA7F107F}
		{92C25D3F-2161-4831-8AAC-A61E27D20DD1} = {FC64B9FE-A755-4CF9-904E-6FB3093C5C05}
		{563ED692-D308-4F2E-BC65-061876A8D41B} = {FC64B9FE-A755-4CF9-904E-6FB3093C5C05}
		{20EA2CB9-8C3C-427C-9E65-6A89E8C1B8CA} = {6C2914EB-7517-40EF-B4E5-443EBA7F107F}
		{98E9BC4A-6F15-48A3-AB6D-8D267083ACA1} = {20EA2CB9-8C3C-427C-9E65-6A89E8C1B8CA}
		{C9891DEE-3678-4F2C-B877-A34FDDB414B7} = {20EA2CB9-8C3C-427C-9E65-6A89E8C1B8CA}
		{2EAF3680-1139-4AD7-9536-78A212283CB0} = {6C2914EB-7517-40EF-B4E5-443EBA7F107F}
		{0195636B-D5E9-4846-B147-850BD537FA57} = {2EAF3680-1139-4AD7-9536-78A212283CB0}
		{6E28B2AA-5EFD-4247-AD3A-137AE73DB659} = {6C2914EB-7517-40EF-B4E5-443EBA7F107F}
		{4DCAD0D1-E315-452E-9AD1-FBCF2484CE86} = {6E28B2AA-5EFD-4247-AD3A-137AE73DB659}
		{B920D9F5-84C4-4F86-8D0C-801C5B51C800} = {6E28B2AA-5EFD-4247-AD3A-137AE73DB659}
		{C4A10B5A-BCD0-4F6B-9857-01773A8CB9BC} = {6C2914EB-7517-40EF-B4E5-443EBA7F107F}
		{0285FBFD-E0AA-4F9B-80CE-A4CD19B49D95} = {C4A10B5A-BCD0-4F6B-9857-01773A8CB9BC}
		{C3A42A50-50AC-4B73-B172-DA0C85AB059B} = {C4A10B5A-BCD0-4F6B-9857-01773A8CB9BC}
		{B2C3602B-684D-4BDF-9F51-5BA19B51DD6F} = {6C2914EB-7517-40EF-B4E5-443EBA7F107F}
		{CC6D86BE-1850-4CC1-AA05-15B57E48A539} = {B2C3602B-684D-4BDF-9F51-5BA19B51DD6F}
		{7C817C6B-C118-4D58-95A4-8A055F33BCF9} = {6C2914EB-7517-40EF-B4E5-443EBA7F107F}
		{EFA06F7B-0C14-4DCD-9558-E78D9573EE8F} = {7C817C6B-C118-4D58-95A4-8A055F33BCF9}
		{D3DFBC19-8BC6-4B89-89FA-C80136462453} = {7C817C6B-C118-4D58-95A4-8A055F33BCF9}
		{FFDDE286-D8CA-4386-AE2C-4C2224E66928} = {6C2914EB-7517-40EF-B4E5-443EBA7F107F}
		{334504CA-F754-4699-A2CB-7DD1C76635CA} = {FFDDE286-D8CA-4386-AE2C-4C2224E66928}
		{E00C9E63-9327-456E-84EB-747A509820DD} = {FFDDE286-D8CA-4386-AE2C-4C2224E66928}
		{CDF89169-B0D9-414D-8579-B61AE14A99D5} = {6C2914EB-7517-40EF-B4E5-443EBA7F107F}
		{A44301A0-0870-4301-9D81-E7E930C5E216} = {CDF89169-B0D9-414D-8579-B61AE14A99D5}
		{D76B88C7-F3C8-4315-9B5E-87D501444B4D} = {CDF89169-B0D9-414D-8579-B61AE14A99D5}
		{F14AA31A-7373-439D-B906-E27621961F76} = {6C2914EB-7517-40EF-B4E5-443EBA7F107F}
		{105081AE-D038-4B42-8238-F8C046C6CEAD} = {F14AA31A-7373-439D-B906-E27621961F76}
		{41F69C3F-30F0-497F-8D5B-61D9A716F358} = {F14AA31A-7373-439D-B906-E27621961F76}
		{D3F058CB-8DDC-435D-A44C-0F17FD4581C3} = {6C2914EB-7517-40EF-B4E5-443EBA7F107F}
		{E3AAF90B-68C7-4AF5-BE1D-AEA07E3CB4F7} = {D3F058CB-8DDC-435D-A44C-0F17FD4581C3}
		{17400B66-F053-4414-8FE1-B622C47EFF8E} = {D3F058CB-8DDC-435D-A44C-0F17FD4581C3}
	EndGlobalSection
	GlobalSection(ExtensibilityGlobals) = postSolution
		SolutionGuid = {AE230023-9646-4E30-BE6A-56F5F0F61959}
	EndGlobalSection
EndGlobal
